
Microsoft Visual Studio Solution File, Format Version 12.00
# Visual Studio 15
VisualStudioVersion = 15.0.28307.329
MinimumVisualStudioVersion = 10.0.40219.1
Project("{FAE04EC0-301F-11D3-BF4B-00C04F79EFBC}") = "PowerOfANumber", "PowerOfANumber\PowerOfANumber.csproj", "{38D73460-F1CA-4D53-A640-C4A815590CFB}"
EndProject
Global
	GlobalSection(SolutionConfigurationPlatforms) = preSolution
		Debug|Any CPU = Debug|Any CPU
		Release|Any CPU = Release|Any CPU
	EndGlobalSection
	GlobalSection(ProjectConfigurationPlatforms) = postSolution
		{38D73460-F1CA-4D53-A640-C4A815590CFB}.Debug|Any CPU.ActiveCfg = Debug|Any CPU
		{38D73460-F1CA-4D53-A640-C4A815590CFB}.Debug|Any CPU.Build.0 = Debug|Any CPU
		{38D73460-F1CA-4D53-A640-C4A815590CFB}.Release|Any CPU.ActiveCfg = Release|Any CPU
		{38D73460-F1CA-4D53-A640-C4A815590CFB}.Release|Any CPU.Build.0 = Release|Any CPU
	EndGlobalSection
	GlobalSection(SolutionProperties) = preSolution
		HideSolutionNode = FALSE
	EndGlobalSection
	GlobalSection(ExtensibilityGlobals) = postSolution
		SolutionGuid = {3D2EE77C-60A8-4F3D-8EEB-B668CC2AAFB0}
	EndGlobalSection
EndGlobal
